
Microsoft Visual Studio Solution File, Format Version 12.00
# Visual Studio 14
VisualStudioVersion = 14.0.25420.1
MinimumVisualStudioVersion = 10.0.40219.1
Project("{2150E333-8FDC-42A3-9474-1A3956D46DE8}") = "src", "src", "{B70C5F41-A3ED-4945-A972-5B93B1588066}"
EndProject
Project("{2150E333-8FDC-42A3-9474-1A3956D46DE8}") = "Solution Items", "Solution Items", "{F8CEF5EE-6B53-464E-BC15-36647A0B6435}"
	ProjectSection(SolutionItems) = preProject
		global.json = global.json
	EndProjectSection
EndProject
Project("{8BB2217D-0F2D-49D1-97BC-3654ED321F3B}") = "Wilcommerce.Core.Data.EFCore", "src\Wilcommerce.Core.Data.EFCore\Wilcommerce.Core.Data.EFCore.xproj", "{EB72DD2A-7476-4897-84E7-5FA13F647429}"
EndProject
Global
	GlobalSection(SolutionConfigurationPlatforms) = preSolution
		Debug|Any CPU = Debug|Any CPU
		Release|Any CPU = Release|Any CPU
	EndGlobalSection
	GlobalSection(ProjectConfigurationPlatforms) = postSolution
		{EB72DD2A-7476-4897-84E7-5FA13F647429}.Debug|Any CPU.ActiveCfg = Debug|Any CPU
		{EB72DD2A-7476-4897-84E7-5FA13F647429}.Debug|Any CPU.Build.0 = Debug|Any CPU
		{EB72DD2A-7476-4897-84E7-5FA13F647429}.Release|Any CPU.ActiveCfg = Release|Any CPU
		{EB72DD2A-7476-4897-84E7-5FA13F647429}.Release|Any CPU.Build.0 = Release|Any CPU
	EndGlobalSection
	GlobalSection(SolutionProperties) = preSolution
		HideSolutionNode = FALSE
	EndGlobalSection
	GlobalSection(NestedProjects) = preSolution
		{EB72DD2A-7476-4897-84E7-5FA13F647429} = {B70C5F41-A3ED-4945-A972-5B93B1588066}
	EndGlobalSection
EndGlobal
